
Microsoft Visual Studio Solution File, Format Version 11.00
# Visual Studio 2010
Project("{FAE04EC0-301F-11D3-BF4B-00C04F79EFBC}") = "MaiableMe.Data", "MaiableMe.Data\MaiableMe.Data.csproj", "{57F40DFE-B322-4D6E-870E-0E5D542BC928}"
EndProject
Project("{FAE04EC0-301F-11D3-BF4B-00C04F79EFBC}") = "MailableMe.Service", "MailableMe.Service\MailableMe.Service.csproj", "{B9999235-C600-4995-AB7E-F2E902568F04}"
EndProject
Global
	GlobalSection(SolutionConfigurationPlatforms) = preSolution
		Debug|Any CPU = Debug|Any CPU
		Release|Any CPU = Release|Any CPU
	EndGlobalSection
	GlobalSection(ProjectConfigurationPlatforms) = postSolution
		{57F40DFE-B322-4D6E-870E-0E5D542BC928}.Debug|Any CPU.ActiveCfg = Debug|Any CPU
		{57F40DFE-B322-4D6E-870E-0E5D542BC928}.Debug|Any CPU.Build.0 = Debug|Any CPU
		{57F40DFE-B322-4D6E-870E-0E5D542BC928}.Release|Any CPU.ActiveCfg = Release|Any CPU
		{57F40DFE-B322-4D6E-870E-0E5D542BC928}.Release|Any CPU.Build.0 = Release|Any CPU
		{B9999235-C600-4995-AB7E-F2E902568F04}.Debug|Any CPU.ActiveCfg = Debug|Any CPU
		{B9999235-C600-4995-AB7E-F2E902568F04}.Debug|Any CPU.Build.0 = Debug|Any CPU
		{B9999235-C600-4995-AB7E-F2E902568F04}.Release|Any CPU.ActiveCfg = Release|Any CPU
		{B9999235-C600-4995-AB7E-F2E902568F04}.Release|Any CPU.Build.0 = Release|Any CPU
	EndGlobalSection
	GlobalSection(SolutionProperties) = preSolution
		HideSolutionNode = FALSE
	EndGlobalSection
EndGlobal
